{
  "name": "mobile-video",
  "version": "1.0.0",
  "lockfileVersion": 1,
  "requires": true,
  "dependencies": {
    "@material/animation": {
      "version": "6.0.0-canary.35a32aaea.0",
      "resolved": "https://registry.npmjs.org/@material/animation/-/animation-6.0.0-canary.35a32aaea.0.tgz",
      "integrity": "sha512-UNdA/ndQYssWv6jOqAHXL4QaeI3OfC3j/bGikFsJ17nrSoo10G3d8wQSebw+ZS2wqsXp6jOu0iMDId6acZoO5w==",
      "requires": {
        "tslib": "^1.9.3"
      }
    },
    "@material/base": {
      "version": "6.0.0-canary.35a32aaea.0",
      "resolved": "https://registry.npmjs.org/@material/base/-/base-6.0.0-canary.35a32aaea.0.tgz",
      "integrity": "sha512-QE3rF3KP9HJet8Jpok9eFWK1F2n3JJKhP0qyjR+n1llgcoBtEIGShA8+wkixeCUS8rVgpWRNyppuqg8lft/WeQ==",
      "requires": {
        "tslib": "^1.9.3"
      }
    },
    "@material/button": {
      "version": "6.0.0-canary.35a32aaea.0",
      "resolved": "https://registry.npmjs.org/@material/button/-/button-6.0.0-canary.35a32aaea.0.tgz",
      "integrity": "sha512-iPQlUT+ku4q2KWeMp+IQEp+ejVQY1dKubblLwi6yfOdhlTkPvnf983LD+Iols3OeFELzEYsPOiV8/Iv9O09ZaA==",
      "requires": {
        "@material/density": "6.0.0-canary.35a32aaea.0",
        "@material/elevation": "6.0.0-canary.35a32aaea.0",
        "@material/feature-targeting": "6.0.0-canary.35a32aaea.0",
        "@material/ripple": "6.0.0-canary.35a32aaea.0",
        "@material/rtl": "6.0.0-canary.35a32aaea.0",
        "@material/shape": "6.0.0-canary.35a32aaea.0",
        "@material/theme": "6.0.0-canary.35a32aaea.0",
        "@material/touch-target": "6.0.0-canary.35a32aaea.0",
        "@material/typography": "6.0.0-canary.35a32aaea.0"
      }
    },
    "@material/density": {
      "version": "6.0.0-canary.35a32aaea.0",
      "resolved": "https://registry.npmjs.org/@material/density/-/density-6.0.0-canary.35a32aaea.0.tgz",
      "integrity": "sha512-r5g1abpF1qOWhSawbv6K7PfqYsGkb4zH+EEB4Cu4B8ztwCJermz1mgMF5GftvSHBovv5zLnHLu7/kVrE/VbL7g=="
    },
    "@material/dom": {
      "version": "6.0.0-canary.35a32aaea.0",
      "resolved": "https://registry.npmjs.org/@material/dom/-/dom-6.0.0-canary.35a32aaea.0.tgz",
      "integrity": "sha512-QoOQhYwZZ0F+tE7Mci92p8zY4iDsDZxIHZgO191o0zEdGROM6vTB3VupUwBn+5IdSKzblvxNsO6BblfMNmYpsw==",
      "requires": {
        "tslib": "^1.9.3"
      }
    },
    "@material/elevation": {
      "version": "6.0.0-canary.35a32aaea.0",
      "resolved": "https://registry.npmjs.org/@material/elevation/-/elevation-6.0.0-canary.35a32aaea.0.tgz",
      "integrity": "sha512-kyzt3apFhgnf204Fr8BoRadEeTw3YXtUbTpUDGN13B3xeaNaB39DfrxK9QKbXnkTY54r9jcHTd/h9SsGM814uw==",
      "requires": {
        "@material/animation": "6.0.0-canary.35a32aaea.0",
        "@material/base": "6.0.0-canary.35a32aaea.0",
        "@material/feature-targeting": "6.0.0-canary.35a32aaea.0",
        "@material/theme": "6.0.0-canary.35a32aaea.0"
      }
    },
    "@material/feature-targeting": {
      "version": "6.0.0-canary.35a32aaea.0",
      "resolved": "https://registry.npmjs.org/@material/feature-targeting/-/feature-targeting-6.0.0-canary.35a32aaea.0.tgz",
      "integrity": "sha512-qJbELPsZZ7D+SlRpz7LCpc3SKzsbE8a11PB8/RlpKqTk2h5+n+efy2J7Et2V2hJxwtR91D4JSN31tmNtxchMGA=="
    },
    "@material/icon-button": {
      "version": "6.0.0-canary.35a32aaea.0",
      "resolved": "https://registry.npmjs.org/@material/icon-button/-/icon-button-6.0.0-canary.35a32aaea.0.tgz",
      "integrity": "sha512-zBTSVKErBgpQA9/3fZ7rLPj6IQtfJpt4pj6PJl+65goOpEWzmk3r6mM5BQVGfZ61j8l65gAH56tAV+X7WlQgCQ==",
      "requires": {
        "@material/base": "6.0.0-canary.35a32aaea.0",
        "@material/density": "6.0.0-canary.35a32aaea.0",
        "@material/feature-targeting": "6.0.0-canary.35a32aaea.0",
        "@material/ripple": "6.0.0-canary.35a32aaea.0",
        "@material/theme": "6.0.0-canary.35a32aaea.0",
        "tslib": "^1.9.3"
      }
    },
    "@material/mwc-base": {
      "version": "0.14.1",
      "resolved": "https://registry.npmjs.org/@material/mwc-base/-/mwc-base-0.14.1.tgz",
      "integrity": "sha512-9EHP5Q2tQntiu6K92mn5G5gakmcuituHmz0NPvzAW34RnrMV81UevwfLLZwUiy51pm52hd5/viLXVt/WlL6bDg==",
      "requires": {
        "@material/base": "=6.0.0-canary.35a32aaea.0",
        "@material/dom": "=6.0.0-canary.35a32aaea.0",
        "@material/ripple": "=6.0.0-canary.35a32aaea.0",
        "lit-element": "^2.3.0",
        "tslib": "^1.10.0"
      }
    },
    "@material/mwc-button": {
      "version": "0.14.1",
      "resolved": "https://registry.npmjs.org/@material/mwc-button/-/mwc-button-0.14.1.tgz",
      "integrity": "sha512-yXJDWsg1fdVp0afbLvtf7VbeWNhePlzK5oYZIaFzP7dmCWW8GvLK+04h/7mYMMSZeRTCcNJuRlM3Yi0S8P2YEQ==",
      "requires": {
        "@material/button": "=6.0.0-canary.35a32aaea.0",
        "@material/mwc-base": "^0.14.1",
        "@material/mwc-icon": "^0.14.1",
        "@material/mwc-ripple": "^0.14.1",
        "lit-element": "^2.3.0",
        "lit-html": "^1.1.2",
        "tslib": "^1.10.0"
      }
    },
    "@material/mwc-icon": {
      "version": "0.14.1",
      "resolved": "https://registry.npmjs.org/@material/mwc-icon/-/mwc-icon-0.14.1.tgz",
      "integrity": "sha512-vjhmww/v2M4YVuPq5NhzoxyMBuJi1+CEKnfgdptqP2VT3oxjZKggQYqm/TlTTzHcRxOxhqmbcgfji7qosnzgfw==",
      "requires": {
        "@material/mwc-base": "^0.14.1",
        "lit-element": "^2.3.0",
        "tslib": "^1.10.0"
      }
    },
    "@material/mwc-icon-button": {
      "version": "0.14.1",
      "resolved": "https://registry.npmjs.org/@material/mwc-icon-button/-/mwc-icon-button-0.14.1.tgz",
      "integrity": "sha512-5NRFf8+2fN5DX5GVc6jPEGaS74eYMGOG25XxL9Ma4IFfcX04d+fsEE0ujFkpfmQ2HMU50AMTKhQAUydAhSQxfg==",
      "requires": {
        "@material/icon-button": "=6.0.0-canary.35a32aaea.0",
        "@material/mwc-base": "^0.14.1",
        "@material/mwc-icon": "^0.14.1",
        "@material/mwc-ripple": "^0.14.1",
        "lit-element": "^2.3.0",
        "tslib": "^1.10.0"
      }
    },
    "@material/mwc-ripple": {
      "version": "0.14.1",
      "resolved": "https://registry.npmjs.org/@material/mwc-ripple/-/mwc-ripple-0.14.1.tgz",
      "integrity": "sha512-UdGdkT4IlkQ7myWSeOj1RqXvneyrkjdBTXW0iswFySRRkbJ9f+g1771acKASdRG0fx7GvrWj6RPcBZzD5S9SmQ==",
      "requires": {
        "@material/dom": "=6.0.0-canary.35a32aaea.0",
        "@material/mwc-base": "^0.14.1",
        "@material/ripple": "=6.0.0-canary.35a32aaea.0",
        "lit-element": "^2.3.0",
        "lit-html": "^1.1.2",
        "tslib": "^1.10.0"
      }
    },
    "@material/mwc-tab": {
      "version": "0.14.1",
      "resolved": "https://registry.npmjs.org/@material/mwc-tab/-/mwc-tab-0.14.1.tgz",
      "integrity": "sha512-jDLa9ZardL8RXYuKr6Ckzt7/0G+SxIVcvTDfKkOgLowfj36Q9SpmCBrx8nW0i5NLT/5aXhcdy5pnedUIdMe0IQ==",
      "requires": {
        "@material/mwc-base": "^0.14.1",
        "@material/mwc-icon": "^0.14.1",
        "@material/mwc-ripple": "^0.14.1",
        "@material/mwc-tab-indicator": "^0.14.1",
        "@material/tab": "=6.0.0-canary.35a32aaea.0",
        "lit-element": "^2.3.0",
        "lit-html": "^1.1.2",
        "tslib": "^1.10.0"
      }
    },
    "@material/mwc-tab-bar": {
      "version": "0.14.1",
      "resolved": "https://registry.npmjs.org/@material/mwc-tab-bar/-/mwc-tab-bar-0.14.1.tgz",
      "integrity": "sha512-yUvkj9rUK/KGXyrgHCvA9yl4C28cDcOou9HfbYW7R+lV8x8lQC9ixdj8svYdoPusd4GtKeWkQM8fbRPEXkj5uQ==",
      "requires": {
        "@material/mwc-base": "^0.14.1",
        "@material/mwc-tab": "^0.14.1",
        "@material/mwc-tab-scroller": "^0.14.1",
        "@material/tab-bar": "=6.0.0-canary.35a32aaea.0",
        "lit-element": "^2.3.0",
        "tslib": "^1.10.0"
      }
    },
    "@material/mwc-tab-indicator": {
      "version": "0.14.1",
      "resolved": "https://registry.npmjs.org/@material/mwc-tab-indicator/-/mwc-tab-indicator-0.14.1.tgz",
      "integrity": "sha512-IuPtAX7sMsi7FCKiWVaCgKkkYR29DX1xZB32iFVJ0+317bp2kzcFZk3cDfyUTX4lIcoWgP37er+bPYMKBBbkAg==",
      "requires": {
        "@material/mwc-base": "^0.14.1",
        "@material/tab-indicator": "=6.0.0-canary.35a32aaea.0",
        "lit-element": "^2.3.0",
        "lit-html": "^1.1.2",
        "tslib": "^1.10.0"
      }
    },
    "@material/mwc-tab-scroller": {
      "version": "0.14.1",
      "resolved": "https://registry.npmjs.org/@material/mwc-tab-scroller/-/mwc-tab-scroller-0.14.1.tgz",
      "integrity": "sha512-AO8/4ytG+30bd8hJvBc3q4NFY7pPBxOog5jBSdjuhs5fr3dH5qOSZprb10g9dW0M4m+MfeoqqJzvRusDoLshSw==",
      "requires": {
        "@material/dom": "=6.0.0-canary.35a32aaea.0",
        "@material/mwc-base": "^0.14.1",
        "@material/tab-scroller": "=6.0.0-canary.35a32aaea.0",
        "lit-element": "^2.3.0",
        "tslib": "^1.10.0"
      }
    },
    "@material/ripple": {
      "version": "6.0.0-canary.35a32aaea.0",
      "resolved": "https://registry.npmjs.org/@material/ripple/-/ripple-6.0.0-canary.35a32aaea.0.tgz",
      "integrity": "sha512-0ZogedoMGKgBZQ8pbHNb6gudWu6KjIRRP8kEJYT8h4EIUUVC6NypHwJVBz7l+UzHPaXVUWdSQnQclHmtP7LuYg==",
      "requires": {
        "@material/animation": "6.0.0-canary.35a32aaea.0",
        "@material/base": "6.0.0-canary.35a32aaea.0",
        "@material/dom": "6.0.0-canary.35a32aaea.0",
        "@material/feature-targeting": "6.0.0-canary.35a32aaea.0",
        "@material/theme": "6.0.0-canary.35a32aaea.0",
        "tslib": "^1.9.3"
      }
    },
    "@material/rtl": {
      "version": "6.0.0-canary.35a32aaea.0",
      "resolved": "https://registry.npmjs.org/@material/rtl/-/rtl-6.0.0-canary.35a32aaea.0.tgz",
      "integrity": "sha512-G/xg1hIxLXb6+EA4Pb9TCkYsmxJRzrRhD7PoGb1SH/stLfyx6V8zyvWi9Te8VKCesZ9HZisB7VmN9+aI0NZnkQ=="
    },
    "@material/shape": {
      "version": "6.0.0-canary.35a32aaea.0",
      "resolved": "https://registry.npmjs.org/@material/shape/-/shape-6.0.0-canary.35a32aaea.0.tgz",
      "integrity": "sha512-4QN2Ura9Z3sdYwbnqGDaz+Cqq97skkdf+K10Ps6HH4j1sAmiwALDWO15llIHlLNSNKHcrrQwJeIei+q6rPdzXw==",
      "requires": {
        "@material/feature-targeting": "6.0.0-canary.35a32aaea.0",
        "@material/rtl": "6.0.0-canary.35a32aaea.0"
      }
    },
    "@material/tab": {
      "version": "6.0.0-canary.35a32aaea.0",
      "resolved": "https://registry.npmjs.org/@material/tab/-/tab-6.0.0-canary.35a32aaea.0.tgz",
      "integrity": "sha512-9AfwIt7gJMIK5XJx4B7wRodQD9Q1hfdwxPzCFGKbNtUXxgysvxMoBzbDFKZiyGn25SdCf57zEEur32PhJq67VQ==",
      "requires": {
        "@material/base": "6.0.0-canary.35a32aaea.0",
        "@material/feature-targeting": "6.0.0-canary.35a32aaea.0",
        "@material/ripple": "6.0.0-canary.35a32aaea.0",
        "@material/rtl": "6.0.0-canary.35a32aaea.0",
        "@material/tab-indicator": "6.0.0-canary.35a32aaea.0",
        "@material/theme": "6.0.0-canary.35a32aaea.0",
        "@material/typography": "6.0.0-canary.35a32aaea.0",
        "tslib": "^1.9.3"
      }
    },
    "@material/tab-bar": {
      "version": "6.0.0-canary.35a32aaea.0",
      "resolved": "https://registry.npmjs.org/@material/tab-bar/-/tab-bar-6.0.0-canary.35a32aaea.0.tgz",
      "integrity": "sha512-POEHzZkRRv994czmuYyGB8kBGWKasKtzDUnrYpxLS8ZcjkbUyw5TeGBKQcceNCHFCgMQHmn+8/d6pmtCLnYsKA==",
      "requires": {
        "@material/animation": "6.0.0-canary.35a32aaea.0",
        "@material/base": "6.0.0-canary.35a32aaea.0",
        "@material/density": "6.0.0-canary.35a32aaea.0",
        "@material/feature-targeting": "6.0.0-canary.35a32aaea.0",
        "@material/tab": "6.0.0-canary.35a32aaea.0",
        "@material/tab-scroller": "6.0.0-canary.35a32aaea.0",
        "tslib": "^1.9.3"
      }
    },
    "@material/tab-indicator": {
      "version": "6.0.0-canary.35a32aaea.0",
      "resolved": "https://registry.npmjs.org/@material/tab-indicator/-/tab-indicator-6.0.0-canary.35a32aaea.0.tgz",
      "integrity": "sha512-oMkFm72Hn6aHqvhD/+dN/qOvaUqr7StK+PbseesRi2SwENZyH4lELNsO6LCnc95eCcPDfSBX5AAYmtWeuc8IVQ==",
      "requires": {
        "@material/animation": "6.0.0-canary.35a32aaea.0",
        "@material/base": "6.0.0-canary.35a32aaea.0",
        "@material/feature-targeting": "6.0.0-canary.35a32aaea.0",
        "@material/theme": "6.0.0-canary.35a32aaea.0",
        "tslib": "^1.9.3"
      }
    },
    "@material/tab-scroller": {
      "version": "6.0.0-canary.35a32aaea.0",
      "resolved": "https://registry.npmjs.org/@material/tab-scroller/-/tab-scroller-6.0.0-canary.35a32aaea.0.tgz",
      "integrity": "sha512-eQrLo63rniwzdRLRDoGnfDUuzJAt9VF7tV5DsWMDRuDrsqutYFv8MQeiNGk4KihRpbywDJZD+oEWLQ20WUOx1g==",
      "requires": {
        "@material/animation": "6.0.0-canary.35a32aaea.0",
        "@material/base": "6.0.0-canary.35a32aaea.0",
        "@material/dom": "6.0.0-canary.35a32aaea.0",
        "@material/feature-targeting": "6.0.0-canary.35a32aaea.0",
        "@material/tab": "6.0.0-canary.35a32aaea.0",
        "tslib": "^1.9.3"
      }
    },
    "@material/theme": {
      "version": "6.0.0-canary.35a32aaea.0",
      "resolved": "https://registry.npmjs.org/@material/theme/-/theme-6.0.0-canary.35a32aaea.0.tgz",
      "integrity": "sha512-DXz4aBBWiI4F9R/LA2/SlP/faX7gQboPE4zMqHUFRX8pRotMRUwPUFMPDsNI4wUcHRTvL5TtN1CRT/BvEXFoTQ==",
      "requires": {
        "@material/feature-targeting": "6.0.0-canary.35a32aaea.0"
      }
    },
    "@material/touch-target": {
      "version": "6.0.0-canary.35a32aaea.0",
      "resolved": "https://registry.npmjs.org/@material/touch-target/-/touch-target-6.0.0-canary.35a32aaea.0.tgz",
      "integrity": "sha512-yIpuA4koRLwhohKjXmvImLquV+uPK2+1/VnBObZFOw+Bbusm5VUBDS/9TTwZSKA5ze9hHnJpY0SICypz6poENQ==",
      "requires": {
        "@material/base": "6.0.0-canary.35a32aaea.0",
        "@material/feature-targeting": "6.0.0-canary.35a32aaea.0"
      }
    },
    "@material/typography": {
      "version": "6.0.0-canary.35a32aaea.0",
      "resolved": "https://registry.npmjs.org/@material/typography/-/typography-6.0.0-canary.35a32aaea.0.tgz",
      "integrity": "sha512-cK/gPHvEOLMwUd8Y5Q8RW6ubObPhmEaTQ6bnE42dWLJu/CR42yMJyjNVYYVwWrclH56+wB613bGwvSnFueMD3w==",
      "requires": {
        "@material/feature-targeting": "6.0.0-canary.35a32aaea.0",
        "@material/theme": "6.0.0-canary.35a32aaea.0"
      }
    },
    "@types/node": {
      "version": "12.12.31",
      "resolved": "https://registry.npmjs.org/@types/node/-/node-12.12.31.tgz",
      "integrity": "sha512-T+wnJno8uh27G9c+1T+a1/WYCHzLeDqtsGJkoEdSp2X8RTh3oOCZQcUnjAx90CS8cmmADX51O0FI/tu9s0yssg==",
      "dev": true
    },
    "@types/resolve": {
      "version": "0.0.8",
      "resolved": "https://registry.npmjs.org/@types/resolve/-/resolve-0.0.8.tgz",
      "integrity": "sha512-auApPaJf3NPfe18hSoJkp8EbZzer2ISk7o8mCC3M9he/a04+gbMF97NkpD2S8riMGvm4BMRI59/SZQSaLTKpsQ==",
      "dev": true,
      "requires": {
        "@types/node": "*"
      }
    },
    "async": {
      "version": "2.6.3",
      "resolved": "https://registry.npmjs.org/async/-/async-2.6.3.tgz",
      "integrity": "sha512-zflvls11DCy+dQWzTW2dzuilv8Z5X/pjfmZOWba6TNIVDm+2UDaJmXSOXlasHKfNBs8oo3M0aT50fDEWfKZjXg==",
      "dev": true,
      "requires": {
        "lodash": "^4.17.14"
      }
    },
    "basic-auth": {
      "version": "1.1.0",
      "resolved": "https://registry.npmjs.org/basic-auth/-/basic-auth-1.1.0.tgz",
      "integrity": "sha1-RSIe5Cn37h5QNb4/UVM/HN/SmIQ=",
      "dev": true
    },
    "builtin-modules": {
      "version": "3.1.0",
      "resolved": "https://registry.npmjs.org/builtin-modules/-/builtin-modules-3.1.0.tgz",
      "integrity": "sha512-k0KL0aWZuBt2lrxrcASWDfwOLMnodeQjodT/1SxEQAXsHANgo6ZC/VEaSEHCXt7aSTZ4/4H5LKa+tBXmW7Vtvw==",
      "dev": true
    },
    "colors": {
      "version": "1.4.0",
      "resolved": "https://registry.npmjs.org/colors/-/colors-1.4.0.tgz",
      "integrity": "sha512-a+UqTh4kgZg/SlGvfbzDHpgRu7AAQOmmqRHJnxhRZICKFUT91brVhNNt58CMWU9PsBbv3PDCZUHbVxuDiH2mtA==",
      "dev": true
    },
    "corser": {
      "version": "2.0.1",
      "resolved": "https://registry.npmjs.org/corser/-/corser-2.0.1.tgz",
      "integrity": "sha1-jtolLsqrWEDc2XXOuQ2TcMgZ/4c=",
      "dev": true
    },
    "debug": {
      "version": "3.2.6",
      "resolved": "https://registry.npmjs.org/debug/-/debug-3.2.6.tgz",
      "integrity": "sha512-mel+jf7nrtEl5Pn1Qx46zARXKDpBbvzezse7p7LqINmdoIk8PYP5SySaxEmYv6TZ0JyEKA1hsCId6DIhgITtWQ==",
      "dev": true,
      "requires": {
        "ms": "^2.1.1"
      }
    },
    "ecstatic": {
      "version": "3.3.2",
      "resolved": "https://registry.npmjs.org/ecstatic/-/ecstatic-3.3.2.tgz",
      "integrity": "sha512-fLf9l1hnwrHI2xn9mEDT7KIi22UDqA2jaCwyCbSUJh9a1V+LEUSL/JO/6TIz/QyuBURWUHrFL5Kg2TtO1bkkog==",
      "dev": true,
      "requires": {
        "he": "^1.1.1",
        "mime": "^1.6.0",
        "minimist": "^1.1.0",
        "url-join": "^2.0.5"
      }
    },
    "estree-walker": {
      "version": "0.6.1",
      "resolved": "https://registry.npmjs.org/estree-walker/-/estree-walker-0.6.1.tgz",
      "integrity": "sha512-SqmZANLWS0mnatqbSfRP5g8OXZC12Fgg1IwNtLsyHDzJizORW4khDfjPqJZsemPWBB2uqykUah5YpQ6epsqC/w==",
      "dev": true
    },
    "eventemitter3": {
      "version": "4.0.0",
      "resolved": "https://registry.npmjs.org/eventemitter3/-/eventemitter3-4.0.0.tgz",
      "integrity": "sha512-qerSRB0p+UDEssxTtm6EDKcE7W4OaoisfIMl4CngyEhjpYglocpNg6UEqCvemdGhosAsg4sO2dXJOdyBifPGCg==",
      "dev": true
    },
    "follow-redirects": {
      "version": "1.10.0",
      "resolved": "https://registry.npmjs.org/follow-redirects/-/follow-redirects-1.10.0.tgz",
      "integrity": "sha512-4eyLK6s6lH32nOvLLwlIOnr9zrL8Sm+OvW4pVTJNoXeGzYIkHVf+pADQi+OJ0E67hiuSLezPVPyBcIZO50TmmQ==",
      "dev": true,
      "requires": {
        "debug": "^3.0.0"
      }
    },
    "fsevents": {
      "version": "2.1.2",
      "resolved": "https://registry.npmjs.org/fsevents/-/fsevents-2.1.2.tgz",
      "integrity": "sha512-R4wDiBwZ0KzpgOWetKDug1FZcYhqYnUYKtfZYt4mD5SBz76q0KR4Q9o7GIPamsVPGmW3EYPPJ0dOOjvx32ldZA==",
      "dev": true,
      "optional": true
    },
    "he": {
      "version": "1.2.0",
      "resolved": "https://registry.npmjs.org/he/-/he-1.2.0.tgz",
      "integrity": "sha512-F/1DnUGPopORZi0ni+CvrCgHQ5FyEAHRLSApuYWMmrbSwoN2Mn/7k+Gl38gJnR7yyDZk6WLXwiGod1JOWNDKGw==",
      "dev": true
    },
    "http-proxy": {
      "version": "1.18.0",
      "resolved": "https://registry.npmjs.org/http-proxy/-/http-proxy-1.18.0.tgz",
      "integrity": "sha512-84I2iJM/n1d4Hdgc6y2+qY5mDaz2PUVjlg9znE9byl+q0uC3DeByqBGReQu5tpLK0TAqTIXScRUV+dg7+bUPpQ==",
      "dev": true,
      "requires": {
        "eventemitter3": "^4.0.0",
        "follow-redirects": "^1.0.0",
        "requires-port": "^1.0.0"
      }
    },
    "http-server": {
      "version": "0.12.1",
      "resolved": "https://registry.npmjs.org/http-server/-/http-server-0.12.1.tgz",
      "integrity": "sha512-T0jB+7J7GJ2Vo+a4/T7P7SbQ3x2GPDnqRqQXdfEuPuUOmES/9NBxPnDm7dh1HGEeUWqUmLUNtGV63ZC5Uy3tGA==",
      "dev": true,
      "requires": {
        "basic-auth": "^1.0.3",
        "colors": "^1.3.3",
        "corser": "^2.0.1",
        "ecstatic": "^3.3.2",
        "http-proxy": "^1.17.0",
        "opener": "^1.5.1",
        "optimist": "~0.6.1",
        "portfinder": "^1.0.20",
        "secure-compare": "3.0.1",
        "union": "~0.5.0"
      }
    },
    "is-module": {
      "version": "1.0.0",
      "resolved": "https://registry.npmjs.org/is-module/-/is-module-1.0.0.tgz",
      "integrity": "sha1-Mlj7afeMFNW4FdZkM2tM/7ZEFZE=",
      "dev": true
    },
    "isarray": {
      "version": "0.0.1",
      "resolved": "https://registry.npmjs.org/isarray/-/isarray-0.0.1.tgz",
      "integrity": "sha1-ihis/Kmo9Bd+Cav8YDiTmwXR7t8="
    },
    "lit-element": {
      "version": "2.3.1",
      "resolved": "https://registry.npmjs.org/lit-element/-/lit-element-2.3.1.tgz",
      "integrity": "sha512-tOcUAmeO3BzwiQ7FGWdsshNvC0HVHcTFYw/TLIImmKwXYoV0E7zCBASa8IJ7DiP4cen/Yoj454gS0qqTnIGsFA==",
      "requires": {
        "lit-html": "^1.1.1"
      }
    },
    "lit-html": {
      "version": "1.2.1",
      "resolved": "https://registry.npmjs.org/lit-html/-/lit-html-1.2.1.tgz",
      "integrity": "sha512-GSJHHXMGLZDzTRq59IUfL9FCdAlGfqNp/dEa7k7aBaaWD+JKaCjsAk9KYm2V12ItonVaYx2dprN66Zdm1AuBTQ=="
    },
    "lodash": {
      "version": "4.17.15",
      "resolved": "https://registry.npmjs.org/lodash/-/lodash-4.17.15.tgz",
      "integrity": "sha512-8xOcRHvCjnocdS5cpwXQXVzmmh5e5+saE2QGoeQmbKmRS6J3VQppPOIt0MnmE+4xlZoumy0GPG0D0MVIQbNA1A==",
      "dev": true
    },
    "mime": {
      "version": "1.6.0",
      "resolved": "https://registry.npmjs.org/mime/-/mime-1.6.0.tgz",
      "integrity": "sha512-x0Vn8spI+wuJ1O6S7gnbaQg8Pxh4NNHb7KSINmEWKiPE4RKOplvijn+NkmYmmRgP68mc70j2EbeTFRsrswaQeg==",
      "dev": true
    },
    "minimist": {
      "version": "1.2.5",
      "resolved": "https://registry.npmjs.org/minimist/-/minimist-1.2.5.tgz",
      "integrity": "sha512-FM9nNUYrRBAELZQT3xeZQ7fmMOBg6nWNmJKTcgsJeaLstP/UODVpGsr5OhXhhXg6f+qtJ8uiZ+PUxkDWcgIXLw==",
      "dev": true
    },
    "mkdirp": {
      "version": "0.5.4",
      "resolved": "https://registry.npmjs.org/mkdirp/-/mkdirp-0.5.4.tgz",
      "integrity": "sha512-iG9AK/dJLtJ0XNgTuDbSyNS3zECqDlAhnQW4CsNxBG3LQJBbHmRX1egw39DmtOdCAqY+dKXV+sgPgilNWUKMVw==",
      "dev": true,
      "requires": {
        "minimist": "^1.2.5"
      }
    },
    "ms": {
      "version": "2.1.2",
      "resolved": "https://registry.npmjs.org/ms/-/ms-2.1.2.tgz",
      "integrity": "sha512-sGkPx+VjMtmA6MX27oA4FBFELFCZZ4S4XqeGOXCv68tT+jb3vk/RyaKWP0PTKyWtmLSM0b+adUTEvbs1PEaH2w==",
      "dev": true
    },
    "opener": {
      "version": "1.5.1",
      "resolved": "https://registry.npmjs.org/opener/-/opener-1.5.1.tgz",
      "integrity": "sha512-goYSy5c2UXE4Ra1xixabeVh1guIX/ZV/YokJksb6q2lubWu6UbvPQ20p542/sFIll1nl8JnCyK9oBaOcCWXwvA==",
      "dev": true
    },
    "optimist": {
      "version": "0.6.1",
      "resolved": "https://registry.npmjs.org/optimist/-/optimist-0.6.1.tgz",
      "integrity": "sha1-2j6nRob6IaGaERwybpDrFaAZZoY=",
      "dev": true,
      "requires": {
        "minimist": "~0.0.1",
        "wordwrap": "~0.0.2"
      },
      "dependencies": {
        "minimist": {
          "version": "0.0.10",
          "resolved": "https://registry.npmjs.org/minimist/-/minimist-0.0.10.tgz",
          "integrity": "sha1-3j+YVD2/lggr5IrRoMfNqDYwHc8=",
          "dev": true
        }
      }
    },
    "page": {
      "version": "1.11.5",
      "resolved": "https://registry.npmjs.org/page/-/page-1.11.5.tgz",
      "integrity": "sha512-0JXUHc7Y8p1cPJQbhZSwaKO3p+bU3Rgny+OM5gJMKHWHvJKan/fsE5RUzEjRQolv9DzPOSVWfSOHz0lLxK19eA==",
      "requires": {
        "path-to-regexp": "~1.2.1"
      }
    },
    "page.js": {
      "version": "4.13.3",
      "resolved": "https://registry.npmjs.org/page.js/-/page.js-4.13.3.tgz",
      "integrity": "sha1-1ff+vt0VrIUa0Y0+T/RdVMMgJ24=",
      "requires": {
        "path-to-regexp": "0.1.7"
      },
      "dependencies": {
        "path-to-regexp": {
          "version": "0.1.7",
          "resolved": "https://registry.npmjs.org/path-to-regexp/-/path-to-regexp-0.1.7.tgz",
          "integrity": "sha1-32BBeABfUi8V60SQ5yR6G/qmf4w="
        }
      }
    },
    "path-parse": {
      "version": "1.0.6",
      "resolved": "https://registry.npmjs.org/path-parse/-/path-parse-1.0.6.tgz",
      "integrity": "sha512-GSmOT2EbHrINBf9SR7CDELwlJ8AENk3Qn7OikK4nFYAu3Ote2+JYNVvkpAEQm3/TLNEJFD/xZJjzyxg3KBWOzw==",
      "dev": true
    },
    "path-to-regexp": {
      "version": "1.2.1",
      "resolved": "https://registry.npmjs.org/path-to-regexp/-/path-to-regexp-1.2.1.tgz",
      "integrity": "sha1-szcFwUAjTYc8hyHHuf2LVB7Tr/k=",
      "requires": {
        "isarray": "0.0.1"
      }
    },
    "portfinder": {
      "version": "1.0.25",
      "resolved": "https://registry.npmjs.org/portfinder/-/portfinder-1.0.25.tgz",
      "integrity": "sha512-6ElJnHBbxVA1XSLgBp7G1FiCkQdlqGzuF7DswL5tcea+E8UpuvPU7beVAjjRwCioTS9ZluNbu+ZyRvgTsmqEBg==",
      "dev": true,
      "requires": {
        "async": "^2.6.2",
        "debug": "^3.1.1",
        "mkdirp": "^0.5.1"
      }
    },
    "qs": {
      "version": "6.9.3",
      "resolved": "https://registry.npmjs.org/qs/-/qs-6.9.3.tgz",
      "integrity": "sha512-EbZYNarm6138UKKq46tdx08Yo/q9ZhFoAXAI1meAFd2GtbRDhbZY2WQSICskT0c5q99aFzLG1D4nvTk9tqfXIw==",
      "dev": true
    },
    "requires-port": {
      "version": "1.0.0",
      "resolved": "https://registry.npmjs.org/requires-port/-/requires-port-1.0.0.tgz",
      "integrity": "sha1-kl0mAdOaxIXgkc8NpcbmlNw9yv8=",
      "dev": true
    },
    "resolve": {
      "version": "1.15.1",
      "resolved": "https://registry.npmjs.org/resolve/-/resolve-1.15.1.tgz",
      "integrity": "sha512-84oo6ZTtoTUpjgNEr5SJyzQhzL72gaRodsSfyxC/AXRvwu0Yse9H8eF9IpGo7b8YetZhlI6v7ZQ6bKBFV/6S7w==",
      "dev": true,
      "requires": {
        "path-parse": "^1.0.6"
      }
    },
    "rollup": {
      "version": "2.2.0",
      "resolved": "https://registry.npmjs.org/rollup/-/rollup-2.2.0.tgz",
      "integrity": "sha512-iAu/j9/WJ0i+zT0sAMuQnsEbmOKzdQ4Yxu5rbPs9aUCyqveI1Kw3H4Fi9NWfCOpb8luEySD2lDyFWL9CrLE8iw==",
      "dev": true,
      "requires": {
        "fsevents": "~2.1.2"
      }
    },
    "rollup-plugin-node-resolve": {
      "version": "5.2.0",
      "resolved": "https://registry.npmjs.org/rollup-plugin-node-resolve/-/rollup-plugin-node-resolve-5.2.0.tgz",
      "integrity": "sha512-jUlyaDXts7TW2CqQ4GaO5VJ4PwwaV8VUGA7+km3n6k6xtOEacf61u0VXwN80phY/evMcaS+9eIeJ9MOyDxt5Zw==",
      "dev": true,
      "requires": {
        "@types/resolve": "0.0.8",
        "builtin-modules": "^3.1.0",
        "is-module": "^1.0.0",
        "resolve": "^1.11.1",
        "rollup-pluginutils": "^2.8.1"
      }
    },
    "rollup-plugin-server": {
      "version": "0.7.0",
      "resolved": "https://registry.npmjs.org/rollup-plugin-server/-/rollup-plugin-server-0.7.0.tgz",
      "integrity": "sha1-ysd3pNajPob8sjMMQrwyOTlg8KI=",
      "dev": true,
      "requires": {
        "mime": "^1.3.6",
        "opener": "^1.4.3"
      }
    },
    "rollup-pluginutils": {
      "version": "2.8.2",
      "resolved": "https://registry.npmjs.org/rollup-pluginutils/-/rollup-pluginutils-2.8.2.tgz",
      "integrity": "sha512-EEp9NhnUkwY8aif6bxgovPHMoMoNr2FulJziTndpt5H9RdwC47GSGuII9XxpSdzVGM0GWrNPHV6ie1LTNJPaLQ==",
      "dev": true,
      "requires": {
        "estree-walker": "^0.6.1"
      }
    },
    "secure-compare": {
      "version": "3.0.1",
      "resolved": "https://registry.npmjs.org/secure-compare/-/secure-compare-3.0.1.tgz",
      "integrity": "sha1-8aAymzCLIh+uN7mXTz1XjQypmeM=",
      "dev": true
    },
    "tslib": {
      "version": "1.11.1",
      "resolved": "https://registry.npmjs.org/tslib/-/tslib-1.11.1.tgz",
      "integrity": "sha512-aZW88SY8kQbU7gpV19lN24LtXh/yD4ZZg6qieAJDDg+YBsJcSmLGK9QpnUjAKVG/xefmvJGd1WUmfpT/g6AJGA=="
    },
    "union": {
      "version": "0.5.0",
      "resolved": "https://registry.npmjs.org/union/-/union-0.5.0.tgz",
      "integrity": "sha512-N6uOhuW6zO95P3Mel2I2zMsbsanvvtgn6jVqJv4vbVcz/JN0OkL9suomjQGmWtxJQXOCqUJvquc1sMeNz/IwlA==",
      "dev": true,
      "requires": {
        "qs": "^6.4.0"
      }
    },
    "url-join": {
      "version": "2.0.5",
      "resolved": "https://registry.npmjs.org/url-join/-/url-join-2.0.5.tgz",
      "integrity": "sha1-WvIvGMBSoACkjXuCxenC4v7tpyg=",
      "dev": true
    },
    "wordwrap": {
      "version": "0.0.3",
      "resolved": "https://registry.npmjs.org/wordwrap/-/wordwrap-0.0.3.tgz",
      "integrity": "sha1-o9XabNXAvAAI03I0u68b7WMFkQc=",
      "dev": true
    }
  }
}
